
Microsoft Visual Studio Solution File, Format Version 11.00
# Visual Studio 2010
Project("{FAE04EC0-301F-11D3-BF4B-00C04F79EFBC}") = "DataMigrationValidator", "DataMigrationValidator.csproj", "{C67825A4-974A-42D2-86EE-5B32B426F789}"
EndProject
Global
	GlobalSection(SolutionConfigurationPlatforms) = preSolution
		Debug|x86 = Debug|x86
		Release|x86 = Release|x86
	EndGlobalSection
	GlobalSection(ProjectConfigurationPlatforms) = postSolution
		{C67825A4-974A-42D2-86EE-5B32B426F789}.Debug|x86.ActiveCfg = Debug|x86
		{C67825A4-974A-42D2-86EE-5B32B426F789}.Debug|x86.Build.0 = Debug|x86
		{C67825A4-974A-42D2-86EE-5B32B426F789}.Release|x86.ActiveCfg = Release|x86
		{C67825A4-974A-42D2-86EE-5B32B426F789}.Release|x86.Build.0 = Release|x86
	EndGlobalSection
	GlobalSection(SolutionProperties) = preSolution
		HideSolutionNode = FALSE
	EndGlobalSection
EndGlobal
